github.com/js-arias/blind v0.0.0-20230608213033-66946442796b h1:nHkrr8gteNBKTjQUJU3jikccitEsWUkATGXW5qK5dZ0=
github.com/js-arias/blind v0.0.0-20230608213033-66946442796b/go.mod h1:Q7A+4hvO1Jsx8WxyRPJz9QIV1B7HBsxtpWGxUrkUUQ8=
github.com/js-arias/command v0.0.0-20220321160405-bad66700a180 h1:pE1RCqlGkRZTdwAUK833XGbz5FvTHBaS/OW0GQXz5pM=
github.com/js-arias/command v0.0.0-20220321160405-bad66700a180/go.mod h1:ogKwQI2+xKu3CeddpPBks1UacMtHx40lkPcsP26Zyn0=
github.com/js-arias/earth v0.0.0-20230721175500-9cc2b13a3b4f h1:tayVtRNI6GoLF+BKINa9g98UZ+63GZpsCoLyM+yZM70=
github.com/js-arias/earth v0.0.0-20230721175500-9cc2b13a3b4f/go.mod h1:wRNxqf4EEx5dS9eB05/nItRy0iFQ21RCSfTNqYYLiTo=
github.com/js-arias/ranges v0.0.0-20230613202757-e638a333ee53 h1:M0NjE16duceSM3094f+Q1dfQMImEudbYtK+tBDffg2U=
github.com/js-arias/ranges v0.0.0-20230613202757-e638a333ee53/go.mod h1:3fcaj55701dd+8uD4fiojYVCmfRXy0nUVCpA0aP8A2A=
github.com/js-arias/timetree v0.0.0-20230613165223-2706da3f245b h1:FyuSSdLcxXgnimHSi8vV/0LETGw86VysijkfrZp88pY=
github.com/js-arias/timetree v0.0.0-20230613165223-2706da3f245b/go.mod h1:fj0eyw5uZo4IlDtL3lMABnPJ9iJgIzd6X7u4rL/3Je0=
golang.org/x/exp v0.0.0-20230713183714-613f0c0eb8a1 h1:MGwJjxBy0HJshjDNfLsYO8xppfqWlA5ZT9OhtUUhTNw=
golang.org/x/exp v0.0.0-20230713183714-613f0c0eb8a1/go.mod h1:FXUEEKJgO7OQYeo8N01OfiKP8RXMtf6e8aTskBGqWdc=
gonum.org/v1/gonum v0.13.0 h1:a0T3bh+7fhRyqeNbiC3qVHYmkiQgit3wnNan/2c0HMM=
gonum.org/v1/gonum v0.13.0/go.mod h1:/WPYRckkfWrhWefxyYTfrTtQR0KH4iyHNuzxqXAKyAU=
