github.com/js-arias/command v0.0.0-20220321160405-bad66700a180 h1:pE1RCqlGkRZTdwAUK833XGbz5FvTHBaS/OW0GQXz5pM=
github.com/js-arias/command v0.0.0-20220321160405-bad66700a180/go.mod h1:ogKwQI2+xKu3CeddpPBks1UacMtHx40lkPcsP26Zyn0=
github.com/js-arias/earth v0.0.0-20230120153327-d3f7d6e1b350 h1:aP0W15nXHEmYSR06RbacdLKPO0FjZN9jWDPPh7i/EgI=
github.com/js-arias/earth v0.0.0-20230120153327-d3f7d6e1b350/go.mod h1:T2whg8R6iEgoRUVDSQDBAGWZ88xFW2SRaWomw8ImRSQ=
github.com/js-arias/earth v0.0.0-20230202174217-807a4f138d6f h1:7Ti2u1N3qTAoLrVq8n4vJ4WT1Ssd3uCYmoa7Q0YOD5g=
github.com/js-arias/earth v0.0.0-20230202174217-807a4f138d6f/go.mod h1:T2whg8R6iEgoRUVDSQDBAGWZ88xFW2SRaWomw8ImRSQ=
github.com/js-arias/ranges v0.0.0-20230120145651-7ac90bf5a01f h1:ED1uXnTVjjWKbqtr8YcGIVboZAcFOFtbob+hlDRt/d0=
github.com/js-arias/ranges v0.0.0-20230120145651-7ac90bf5a01f/go.mod h1:yAGs08JTfLuEn9j8KqpqqOPRVObMBuhzqLk3ced+BoY=
github.com/js-arias/timetree v0.0.0-20221116215450-d630c9ae0776 h1:sBIkKBfxZuZs80McSgIZ5cgPrWpCSvnOpNPmYycaBxY=
github.com/js-arias/timetree v0.0.0-20221116215450-d630c9ae0776/go.mod h1:fj0eyw5uZo4IlDtL3lMABnPJ9iJgIzd6X7u4rL/3Je0=
github.com/js-arias/timetree v0.0.0-20230201184644-47b9ed3b4c45 h1:3rKz/PUUIlMRwoZgFm6NmPioO1w3Ow2/tJjNxlnSjlY=
github.com/js-arias/timetree v0.0.0-20230201184644-47b9ed3b4c45/go.mod h1:fj0eyw5uZo4IlDtL3lMABnPJ9iJgIzd6X7u4rL/3Je0=
golang.org/x/exp v0.0.0-20230118134722-a68e582fa157 h1:fiNkyhJPUvxbRPbCqY/D9qdjmPzfHcpK3P4bM4gioSY=
golang.org/x/exp v0.0.0-20230118134722-a68e582fa157/go.mod h1:CxIveKay+FTh1D0yPZemJVgC/95VzuuOLq5Qi4xnoYc=
golang.org/x/exp v0.0.0-20230131160201-f062dba9d201 h1:BEABXpNXLEz0WxtA+6CQIz2xkg80e+1zrhWyMcq8VzE=
golang.org/x/exp v0.0.0-20230131160201-f062dba9d201/go.mod h1:CxIveKay+FTh1D0yPZemJVgC/95VzuuOLq5Qi4xnoYc=
golang.org/x/exp v0.0.0-20230202163644-54bba9f4231b h1:EqBVA+nNsObCwQoBEHy4wLU0pi7i8a4AL3pbItPdPkE=
golang.org/x/exp v0.0.0-20230202163644-54bba9f4231b/go.mod h1:CxIveKay+FTh1D0yPZemJVgC/95VzuuOLq5Qi4xnoYc=
gonum.org/v1/gonum v0.12.0 h1:xKuo6hzt+gMav00meVPUlXwSdoEJP46BR+wdxQEFK2o=
gonum.org/v1/gonum v0.12.0/go.mod h1:73TDxJfAAHeA8Mk9mf8NlIppyhQNo5GLTcYeqgo2lvY=
